// !$*UTF8*$!
{
	archiveVersion = 1;
	classes = {
	};
	objectVersion = 55;
	objects = {

/* Begin PBXBuildFile section */
		E04DCF2127C15D6000DEAF4B /* formsApp.swift in Sources */ = {isa = PBXBuildFile; fileRef = E04DCF2027C15D6000DEAF4B /* formsApp.swift */; };
		E04DCF2327C15D6000DEAF4B /* MovieDetailView.swift in Sources */ = {isa = PBXBuildFile; fileRef = E04DCF2227C15D6000DEAF4B /* MovieDetailView.swift */; };
		E04DCF2527C15D6200DEAF4B /* Assets.xcassets in Resources */ = {isa = PBXBuildFile; fileRef = E04DCF2427C15D6200DEAF4B /* Assets.xcassets */; };
		E04DCF2827C15D6200DEAF4B /* Preview Assets.xcassets in Resources */ = {isa = PBXBuildFile; fileRef = E04DCF2727C15D6200DEAF4B /* Preview Assets.xcassets */; };
		E04DCF3227C15D6200DEAF4B /* formsTests.swift in Sources */ = {isa = PBXBuildFile; fileRef = E04DCF3127C15D6200DEAF4B /* formsTests.swift */; };
		E04DCF3C27C15D6200DEAF4B /* formsUITests.swift in Sources */ = {isa = PBXBuildFile; fileRef = E04DCF3B27C15D6200DEAF4B /* formsUITests.swift */; };
		E04DCF3E27C15D6200DEAF4B /* formsUITestsLaunchTests.swift in Sources */ = {isa = PBXBuildFile; fileRef = E04DCF3D27C15D6200DEAF4B /* formsUITestsLaunchTests.swift */; };
		E04DCF4B27C172D400DEAF4B /* Movie.swift in Sources */ = {isa = PBXBuildFile; fileRef = E04DCF4A27C172D400DEAF4B /* Movie.swift */; };
		E04DCF4D27C178F700DEAF4B /* MovieListView.swift in Sources */ = {isa = PBXBuildFile; fileRef = E04DCF4C27C178F700DEAF4B /* MovieListView.swift */; };
/* End PBXBuildFile section */

/* Begin PBXContainerItemProxy section */
		E04DCF2E27C15D6200DEAF4B /* PBXContainerItemProxy */ = {
			isa = PBXContainerItemProxy;
			containerPortal = E04DCF1527C15D6000DEAF4B /* Project object */;
			proxyType = 1;
			remoteGlobalIDString = E04DCF1C27C15D6000DEAF4B;
			remoteInfo = forms;
		};
		E04DCF3827C15D6200DEAF4B /* PBXContainerItemProxy */ = {
			isa = PBXContainerItemProxy;
			containerPortal = E04DCF1527C15D6000DEAF4B /* Project object */;
			proxyType = 1;
			remoteGlobalIDString = E04DCF1C27C15D6000DEAF4B;
			remoteInfo = forms;
		};
/* End PBXContainerItemProxy section */

/* Begin PBXFileReference section */
		E04DCF1D27C15D6000DEAF4B /* forms.app */ = {isa = PBXFileReference; explicitFileType = wrapper.application; includeInIndex = 0; path = forms.app; sourceTree = BUILT_PRODUCTS_DIR; };
		E04DCF2027C15D6000DEAF4B /* formsApp.swift */ = {isa = PBXFileReference; lastKnownFileType = sourcecode.swift; path = formsApp.swift; sourceTree = "<group>"; };
		E04DCF2227C15D6000DEAF4B /* MovieDetailView.swift */ = {isa = PBXFileReference; lastKnownFileType = sourcecode.swift; path = MovieDetailView.swift; sourceTree = "<group>"; };
		E04DCF2427C15D6200DEAF4B /* Assets.xcassets */ = {isa = PBXFileReference; lastKnownFileType = folder.assetcatalog; path = Assets.xcassets; sourceTree = "<group>"; };
		E04DCF2727C15D6200DEAF4B /* Preview Assets.xcassets */ = {isa = PBXFileReference; lastKnownFileType = folder.assetcatalog; path = "Preview Assets.xcassets"; sourceTree = "<group>"; };
		E04DCF2D27C15D6200DEAF4B /* formsTests.xctest */ = {isa = PBXFileReference; explicitFileType = wrapper.cfbundle; includeInIndex = 0; path = formsTests.xctest; sourceTree = BUILT_PRODUCTS_DIR; };
		E04DCF3127C15D6200DEAF4B /* formsTests.swift */ = {isa = PBXFileReference; lastKnownFileType = sourcecode.swift; path = formsTests.swift; sourceTree = "<group>"; };
		E04DCF3727C15D6200DEAF4B /* formsUITests.xctest */ = {isa = PBXFileReference; explicitFileType = wrapper.cfbundle; includeInIndex = 0; path = formsUITests.xctest; sourceTree = BUILT_PRODUCTS_DIR; };
		E04DCF3B27C15D6200DEAF4B /* formsUITests.swift */ = {isa = PBXFileReference; lastKnownFileType = sourcecode.swift; path = formsUITests.swift; sourceTree = "<group>"; };
		E04DCF3D27C15D6200DEAF4B /* formsUITestsLaunchTests.swift */ = {isa = PBXFileReference; lastKnownFileType = sourcecode.swift; path = formsUITestsLaunchTests.swift; sourceTree = "<group>"; };
		E04DCF4A27C172D400DEAF4B /* Movie.swift */ = {isa = PBXFileReference; lastKnownFileType = sourcecode.swift; path = Movie.swift; sourceTree = "<group>"; };
		E04DCF4C27C178F700DEAF4B /* MovieListView.swift */ = {isa = PBXFileReference; lastKnownFileType = sourcecode.swift; path = MovieListView.swift; sourceTree = "<group>"; };
/* End PBXFileReference section */

/* Begin PBXFrameworksBuildPhase section */
		E04DCF1A27C15D6000DEAF4B /* Frameworks */ = {
			isa = PBXFrameworksBuildPhase;
			buildActionMask = 2147483647;
			files = (
			);
			runOnlyForDeploymentPostprocessing = 0;
		};
		E04DCF2A27C15D6200DEAF4B /* Frameworks */ = {
			isa = PBXFrameworksBuildPhase;
			buildActionMask = 2147483647;
			files = (
			);
			runOnlyForDeploymentPostprocessing = 0;
		};
		E04DCF3427C15D6200DEAF4B /* Frameworks */ = {
			isa = PBXFrameworksBuildPhase;
			buildActionMask = 2147483647;
			files = (
			);
			runOnlyForDeploymentPostprocessing = 0;
		};
/* End PBXFrameworksBuildPhase section */

/* Begin PBXGroup section */
		E04DCF1427C15D6000DEAF4B = {
			isa = PBXGroup;
			children = (
				E04DCF1F27C15D6000DEAF4B /* forms */,
				E04DCF3027C15D6200DEAF4B /* formsTests */,
				E04DCF3A27C15D6200DEAF4B /* formsUITests */,
				E04DCF1E27C15D6000DEAF4B /* Products */,
			);
			sourceTree = "<group>";
		};
		E04DCF1E27C15D6000DEAF4B /* Products */ = {
			isa = PBXGroup;
			children = (
				E04DCF1D27C15D6000DEAF4B /* forms.app */,
				E04DCF2D27C15D6200DEAF4B /* formsTests.xctest */,
				E04DCF3727C15D6200DEAF4B /* formsUITests.xctest */,
			);
			name = Products;
			sourceTree = "<group>";
		};
		E04DCF1F27C15D6000DEAF4B /* forms */ = {
			isa = PBXGroup;
			children = (
				E04DCF2027C15D6000DEAF4B /* formsApp.swift */,
				E04DCF2227C15D6000DEAF4B /* MovieDetailView.swift */,
				E04DCF4A27C172D400DEAF4B /* Movie.swift */,
				E04DCF4C27C178F700DEAF4B /* MovieListView.swift */,
				E04DCF2427C15D6200DEAF4B /* Assets.xcassets */,
				E04DCF2627C15D6200DEAF4B /* Preview Content */,
			);
			path = forms;
			sourceTree = "<group>";
		};
		E04DCF2627C15D6200DEAF4B /* Preview Content */ = {
			isa = PBXGroup;
			children = (
				E04DCF2727C15D6200DEAF4B /* Preview Assets.xcassets */,
			);
			path = "Preview Content";
			sourceTree = "<group>";
		};
		E04DCF3027C15D6200DEAF4B /* formsTests */ = {
			isa = PBXGroup;
			children = (
				E04DCF3127C15D6200DEAF4B /* formsTests.swift */,
			);
			path = formsTests;
			sourceTree = "<group>";
		};
		E04DCF3A27C15D6200DEAF4B /* formsUITests */ = {
			isa = PBXGroup;
			children = (
				E04DCF3B27C15D6200DEAF4B /* formsUITests.swift */,
				E04DCF3D27C15D6200DEAF4B /* formsUITestsLaunchTests.swift */,
			);
			path = formsUITests;
			sourceTree = "<group>";
		};
/* End PBXGroup section */

/* Begin PBXNativeTarget section */
		E04DCF1C27C15D6000DEAF4B /* forms */ = {
			isa = PBXNativeTarget;
			buildConfigurationList = E04DCF4127C15D6200DEAF4B /* Build configuration list for PBXNativeTarget "forms" */;
			buildPhases = (
				E04DCF1927C15D6000DEAF4B /* Sources */,
				E04DCF1A27C15D6000DEAF4B /* Frameworks */,
				E04DCF1B27C15D6000DEAF4B /* Resources */,
			);
			buildRules = (
			);
			dependencies = (
			);
			name = forms;
			productName = forms;
			productReference = E04DCF1D27C15D6000DEAF4B /* forms.app */;
			productType = "com.apple.product-type.application";
		};
		E04DCF2C27C15D6200DEAF4B /* formsTests */ = {
			isa = PBXNativeTarget;
			buildConfigurationList = E04DCF4427C15D6200DEAF4B /* Build configuration list for PBXNativeTarget "formsTests" */;
			buildPhases = (
				E04DCF2927C15D6200DEAF4B /* Sources */,
				E04DCF2A27C15D6200DEAF4B /* Frameworks */,
				E04DCF2B27C15D6200DEAF4B /* Resources */,
			);
			buildRules = (
			);
			dependencies = (
				E04DCF2F27C15D6200DEAF4B /* PBXTargetDependency */,
			);
			name = formsTests;
			productName = formsTests;
			productReference = E04DCF2D27C15D6200DEAF4B /* formsTests.xctest */;
			productType = "com.apple.product-type.bundle.unit-test";
		};
		E04DCF3627C15D6200DEAF4B /* formsUITests */ = {
			isa = PBXNativeTarget;
			buildConfigurationList = E04DCF4727C15D6200DEAF4B /* Build configuration list for PBXNativeTarget "formsUITests" */;
			buildPhases = (
				E04DCF3327C15D6200DEAF4B /* Sources */,
				E04DCF3427C15D6200DEAF4B /* Frameworks */,
				E04DCF3527C15D6200DEAF4B /* Resources */,
			);
			buildRules = (
			);
			dependencies = (
				E04DCF3927C15D6200DEAF4B /* PBXTargetDependency */,
			);
			name = formsUITests;
			productName = formsUITests;
			productReference = E04DCF3727C15D6200DEAF4B /* formsUITests.xctest */;
			productType = "com.apple.product-type.bundle.ui-testing";
		};
/* End PBXNativeTarget section */

/* Begin PBXProject section */
		E04DCF1527C15D6000DEAF4B /* Project object */ = {
			isa = PBXProject;
			attributes = {
				BuildIndependentTargetsInParallel = 1;
				LastSwiftUpdateCheck = 1320;
				LastUpgradeCheck = 1320;
				TargetAttributes = {
					E04DCF1C27C15D6000DEAF4B = {
						CreatedOnToolsVersion = 13.2.1;
					};
					E04DCF2C27C15D6200DEAF4B = {
						CreatedOnToolsVersion = 13.2.1;
						TestTargetID = E04DCF1C27C15D6000DEAF4B;
					};
					E04DCF3627C15D6200DEAF4B = {
						CreatedOnToolsVersion = 13.2.1;
						TestTargetID = E04DCF1C27C15D6000DEAF4B;
					};
				};
			};
			buildConfigurationList = E04DCF1827C15D6000DEAF4B /* Build configuration list for PBXProject "forms" */;
			compatibilityVersion = "Xcode 13.0";
			developmentRegion = en;
			hasScannedForEncodings = 0;
			knownRegions = (
				en,
				Base,
			);
			mainGroup = E04DCF1427C15D6000DEAF4B;
			productRefGroup = E04DCF1E27C15D6000DEAF4B /* Products */;
			projectDirPath = "";
			projectRoot = "";
			targets = (
				E04DCF1C27C15D6000DEAF4B /* forms */,
				E04DCF2C27C15D6200DEAF4B /* formsTests */,
				E04DCF3627C15D6200DEAF4B /* formsUITests */,
			);
		};
/* End PBXProject section */

/* Begin PBXResourcesBuildPhase section */
		E04DCF1B27C15D6000DEAF4B /* Resources */ = {
			isa = PBXResourcesBuildPhase;
			buildActionMask = 2147483647;
			files = (
				E04DCF2827C15D6200DEAF4B /* Preview Assets.xcassets in Resources */,
				E04DCF2527C15D6200DEAF4B /* Assets.xcassets in Resources */,
			);
			runOnlyForDeploymentPostprocessing = 0;
		};
		E04DCF2B27C15D6200DEAF4B /* Resources */ = {
			isa = PBXResourcesBuildPhase;
			buildActionMask = 2147483647;
			files = (
			);
			runOnlyForDeploymentPostprocessing = 0;
		};
		E04DCF3527C15D6200DEAF4B /* Resources */ = {
			isa = PBXResourcesBuildPhase;
			buildActionMask = 2147483647;
			files = (
			);
			runOnlyForDeploymentPostprocessing = 0;
		};
/* End PBXResourcesBuildPhase section */

/* Begin PBXSourcesBuildPhase section */
		E04DCF1927C15D6000DEAF4B /* Sources */ = {
			isa = PBXSourcesBuildPhase;
			buildActionMask = 2147483647;
			files = (
				E04DCF2327C15D6000DEAF4B /* MovieDetailView.swift in Sources */,
				E04DCF2127C15D6000DEAF4B /* formsApp.swift in Sources */,
				E04DCF4D27C178F700DEAF4B /* MovieListView.swift in Sources */,
				E04DCF4B27C172D400DEAF4B /* Movie.swift in Sources */,
			);
			runOnlyForDeploymentPostprocessing = 0;
		};
		E04DCF2927C15D6200DEAF4B /* Sources */ = {
			isa = PBXSourcesBuildPhase;
			buildActionMask = 2147483647;
			files = (
				E04DCF3227C15D6200DEAF4B /* formsTests.swift in Sources */,
			);
			runOnlyForDeploymentPostprocessing = 0;
		};
		E04DCF3327C15D6200DEAF4B /* Sources */ = {
			isa = PBXSourcesBuildPhase;
			buildActionMask = 2147483647;
			files = (
				E04DCF3E27C15D6200DEAF4B /* formsUITestsLaunchTests.swift in Sources */,
				E04DCF3C27C15D6200DEAF4B /* formsUITests.swift in Sources */,
			);
			runOnlyForDeploymentPostprocessing = 0;
		};
/* End PBXSourcesBuildPhase section */

/* Begin PBXTargetDependency section */
		E04DCF2F27C15D6200DEAF4B /* PBXTargetDependency */ = {
			isa = PBXTargetDependency;
			target = E04DCF1C27C15D6000DEAF4B /* forms */;
			targetProxy = E04DCF2E27C15D6200DEAF4B /* PBXContainerItemProxy */;
		};
		E04DCF3927C15D6200DEAF4B /* PBXTargetDependency */ = {
			isa = PBXTargetDependency;
			target = E04DCF1C27C15D6000DEAF4B /* forms */;
			targetProxy = E04DCF3827C15D6200DEAF4B /* PBXContainerItemProxy */;
		};
/* End PBXTargetDependency section */

/* Begin XCBuildConfiguration section */
		E04DCF3F27C15D6200DEAF4B /* Debug */ = {
			isa = XCBuildConfiguration;
			buildSettings = {
				ALWAYS_SEARCH_USER_PATHS = NO;
				CLANG_ANALYZER_NONNULL = YES;
				CLANG_ANALYZER_NUMBER_OBJECT_CONVERSION = YES_AGGRESSIVE;
				CLANG_CXX_LANGUAGE_STANDARD = "gnu++17";
				CLANG_CXX_LIBRARY = "libc++";
				CLANG_ENABLE_MODULES = YES;
				CLANG_ENABLE_OBJC_ARC = YES;
				CLANG_ENABLE_OBJC_WEAK = YES;
				CLANG_WARN_BLOCK_CAPTURE_AUTORELEASING = YES;
				CLANG_WARN_BOOL_CONVERSION = YES;
				CLANG_WARN_COMMA = YES;
				CLANG_WARN_CONSTANT_CONVERSION = YES;
				CLANG_WARN_DEPRECATED_OBJC_IMPLEMENTATIONS = YES;
				CLANG_WARN_DIRECT_OBJC_ISA_USAGE = YES_ERROR;
				CLANG_WARN_DOCUMENTATION_COMMENTS = YES;
				CLANG_WARN_EMPTY_BODY = YES;
				CLANG_WARN_ENUM_CONVERSION = YES;
				CLANG_WARN_INFINITE_RECURSION = YES;
				CLANG_WARN_INT_CONVERSION = YES;
				CLANG_WARN_NON_LITERAL_NULL_CONVERSION = YES;
				CLANG_WARN_OBJC_IMPLICIT_RETAIN_SELF = YES;
				CLANG_WARN_OBJC_LITERAL_CONVERSION = YES;
				CLANG_WARN_OBJC_ROOT_CLASS = YES_ERROR;
				CLANG_WARN_QUOTED_INCLUDE_IN_FRAMEWORK_HEADER = YES;
				CLANG_WARN_RANGE_LOOP_ANALYSIS = YES;
				CLANG_WARN_STRICT_PROTOTYPES = YES;
				CLANG_WARN_SUSPICIOUS_MOVE = YES;
				CLANG_WARN_UNGUARDED_AVAILABILITY = YES_AGGRESSIVE;
				CLANG_WARN_UNREACHABLE_CODE = YES;
				CLANG_WARN__DUPLICATE_METHOD_MATCH = YES;
				COPY_PHASE_STRIP = NO;
				DEBUG_INFORMATION_FORMAT = dwarf;
				ENABLE_STRICT_OBJC_MSGSEND = YES;
				ENABLE_TESTABILITY = YES;
				GCC_C_LANGUAGE_STANDARD = gnu11;
				GCC_DYNAMIC_NO_PIC = NO;
				GCC_NO_COMMON_BLOCKS = YES;
				GCC_OPTIMIZATION_LEVEL = 0;
				GCC_PREPROCESSOR_DEFINITIONS = (
					"DEBUG=1",
					"$(inherited)",
				);
				GCC_WARN_64_TO_32_BIT_CONVERSION = YES;
				GCC_WARN_ABOUT_RETURN_TYPE = YES_ERROR;
				GCC_WARN_UNDECLARED_SELECTOR = YES;
				GCC_WARN_UNINITIALIZED_AUTOS = YES_AGGRESSIVE;
				GCC_WARN_UNUSED_FUNCTION = YES;
				GCC_WARN_UNUSED_VARIABLE = YES;
				IPHONEOS_DEPLOYMENT_TARGET = 15.2;
				MTL_ENABLE_DEBUG_INFO = INCLUDE_SOURCE;
				MTL_FAST_MATH = YES;
				ONLY_ACTIVE_ARCH = YES;
				SDKROOT = iphoneos;
				SWIFT_ACTIVE_COMPILATION_CONDITIONS = DEBUG;
				SWIFT_OPTIMIZATION_LEVEL = "-Onone";
			};
			name = Debug;
		};
		E04DCF4027C15D6200DEAF4B /* Release */ = {
			isa = XCBuildConfiguration;
			buildSettings = {
				ALWAYS_SEARCH_USER_PATHS = NO;
				CLANG_ANALYZER_NONNULL = YES;
				CLANG_ANALYZER_NUMBER_OBJECT_CONVERSION = YES_AGGRESSIVE;
				CLANG_CXX_LANGUAGE_STANDARD = "gnu++17";
				CLANG_CXX_LIBRARY = "libc++";
				CLANG_ENABLE_MODULES = YES;
				CLANG_ENABLE_OBJC_ARC = YES;
				CLANG_ENABLE_OBJC_WEAK = YES;
				CLANG_WARN_BLOCK_CAPTURE_AUTORELEASING = YES;
				CLANG_WARN_BOOL_CONVERSION = YES;
				CLANG_WARN_COMMA = YES;
				CLANG_WARN_CONSTANT_CONVERSION = YES;
				CLANG_WARN_DEPRECATED_OBJC_IMPLEMENTATIONS = YES;
				CLANG_WARN_DIRECT_OBJC_ISA_USAGE = YES_ERROR;
				CLANG_WARN_DOCUMENTATION_COMMENTS = YES;
				CLANG_WARN_EMPTY_BODY = YES;
				CLANG_WARN_ENUM_CONVERSION = YES;
				CLANG_WARN_INFINITE_RECURSION = YES;
				CLANG_WARN_INT_CONVERSION = YES;
				CLANG_WARN_NON_LITERAL_NULL_CONVERSION = YES;
				CLANG_WARN_OBJC_IMPLICIT_RETAIN_SELF = YES;
				CLANG_WARN_OBJC_LITERAL_CONVERSION = YES;
				CLANG_WARN_OBJC_ROOT_CLASS = YES_ERROR;
				CLANG_WARN_QUOTED_INCLUDE_IN_FRAMEWORK_HEADER = YES;
				CLANG_WARN_RANGE_LOOP_ANALYSIS = YES;
				CLANG_WARN_STRICT_PROTOTYPES = YES;
				CLANG_WARN_SUSPICIOUS_MOVE = YES;
				CLANG_WARN_UNGUARDED_AVAILABILITY = YES_AGGRESSIVE;
				CLANG_WARN_UNREACHABLE_CODE = YES;
				CLANG_WARN__DUPLICATE_METHOD_MATCH = YES;
				COPY_PHASE_STRIP = NO;
				DEBUG_INFORMATION_FORMAT = "dwarf-with-dsym";
				ENABLE_NS_ASSERTIONS = NO;
				ENABLE_STRICT_OBJC_MSGSEND = YES;
				GCC_C_LANGUAGE_STANDARD = gnu11;
				GCC_NO_COMMON_BLOCKS = YES;
				GCC_WARN_64_TO_32_BIT_CONVERSION = YES;
				GCC_WARN_ABOUT_RETURN_TYPE = YES_ERROR;
				GCC_WARN_UNDECLARED_SELECTOR = YES;
				GCC_WARN_UNINITIALIZED_AUTOS = YES_AGGRESSIVE;
				GCC_WARN_UNUSED_FUNCTION = YES;
				GCC_WARN_UNUSED_VARIABLE = YES;
				IPHONEOS_DEPLOYMENT_TARGET = 15.2;
				MTL_ENABLE_DEBUG_INFO = NO;
				MTL_FAST_MATH = YES;
				SDKROOT = iphoneos;
				SWIFT_COMPILATION_MODE = wholemodule;
				SWIFT_OPTIMIZATION_LEVEL = "-O";
				VALIDATE_PRODUCT = YES;
			};
			name = Release;
		};
		E04DCF4227C15D6200DEAF4B /* Debug */ = {
			isa = XCBuildConfiguration;
			buildSettings = {
				ASSETCATALOG_COMPILER_APPICON_NAME = AppIcon;
				ASSETCATALOG_COMPILER_GLOBAL_ACCENT_COLOR_NAME = AccentColor;
				CODE_SIGN_STYLE = Automatic;
				CURRENT_PROJECT_VERSION = 1;
				DEVELOPMENT_ASSET_PATHS = "\"forms/Preview Content\"";
				DEVELOPMENT_TEAM = 6F5UGXSNC4;
				ENABLE_PREVIEWS = YES;
				GENERATE_INFOPLIST_FILE = YES;
				INFOPLIST_KEY_UIApplicationSceneManifest_Generation = YES;
				INFOPLIST_KEY_UIApplicationSupportsIndirectInputEvents = YES;
				INFOPLIST_KEY_UILaunchScreen_Generation = YES;
				INFOPLIST_KEY_UISupportedInterfaceOrientations_iPad = "UIInterfaceOrientationPortrait UIInterfaceOrientationPortraitUpsideDown UIInterfaceOrientationLandscapeLeft UIInterfaceOrientationLandscapeRight";
				INFOPLIST_KEY_UISupportedInterfaceOrientations_iPhone = "UIInterfaceOrientationPortrait UIInterfaceOrientationLandscapeLeft UIInterfaceOrientationLandscapeRight";
				LD_RUNPATH_SEARCH_PATHS = (
					"$(inherited)",
					"@executable_path/Frameworks",
				);
				MARKETING_VERSION = 1.0;
				PRODUCT_BUNDLE_IDENTIFIER = techsith.forms;
				PRODUCT_NAME = "$(TARGET_NAME)";
				SWIFT_EMIT_LOC_STRINGS = YES;
				SWIFT_VERSION = 5.0;
				TARGETED_DEVICE_FAMILY = "1,2";
			};
			name = Debug;
		};
		E04DCF4327C15D6200DEAF4B /* Release */ = {
			isa = XCBuildConfiguration;
			buildSettings = {
				ASSETCATALOG_COMPILER_APPICON_NAME = AppIcon;
				ASSETCATALOG_COMPILER_GLOBAL_ACCENT_COLOR_NAME = AccentColor;
				CODE_SIGN_STYLE = Automatic;
				CURRENT_PROJECT_VERSION = 1;
				DEVELOPMENT_ASSET_PATHS = "\"forms/Preview Content\"";
				DEVELOPMENT_TEAM = 6F5UGXSNC4;
				ENABLE_PREVIEWS = YES;
				GENERATE_INFOPLIST_FILE = YES;
				INFOPLIST_KEY_UIApplicationSceneManifest_Generation = YES;
				INFOPLIST_KEY_UIApplicationSupportsIndirectInputEvents = YES;
				INFOPLIST_KEY_UILaunchScreen_Generation = YES;
				INFOPLIST_KEY_UISupportedInterfaceOrientations_iPad = "UIInterfaceOrientationPortrait UIInterfaceOrientationPortraitUpsideDown UIInterfaceOrientationLandscapeLeft UIInterfaceOrientationLandscapeRight";
				INFOPLIST_KEY_UISupportedInterfaceOrientations_iPhone = "UIInterfaceOrientationPortrait UIInterfaceOrientationLandscapeLeft UIInterfaceOrientationLandscapeRight";
				LD_RUNPATH_SEARCH_PATHS = (
					"$(inherited)",
					"@executable_path/Frameworks",
				);
				MARKETING_VERSION = 1.0;
				PRODUCT_BUNDLE_IDENTIFIER = techsith.forms;
				PRODUCT_NAME = "$(TARGET_NAME)";
				SWIFT_EMIT_LOC_STRINGS = YES;
				SWIFT_VERSION = 5.0;
				TARGETED_DEVICE_FAMILY = "1,2";
			};
			name = Release;
		};
		E04DCF4527C15D6200DEAF4B /* Debug */ = {
			isa = XCBuildConfiguration;
			buildSettings = {
				ALWAYS_EMBED_SWIFT_STANDARD_LIBRARIES = YES;
				BUNDLE_LOADER = "$(TEST_HOST)";
				CODE_SIGN_STYLE = Automatic;
				CURRENT_PROJECT_VERSION = 1;
				DEVELOPMENT_TEAM = 6F5UGXSNC4;
				GENERATE_INFOPLIST_FILE = YES;
				IPHONEOS_DEPLOYMENT_TARGET = 15.2;
				MARKETING_VERSION = 1.0;
				PRODUCT_BUNDLE_IDENTIFIER = techsith.formsTests;
				PRODUCT_NAME = "$(TARGET_NAME)";
				SWIFT_EMIT_LOC_STRINGS = NO;
				SWIFT_VERSION = 5.0;
				TARGETED_DEVICE_FAMILY = "1,2";
				TEST_HOST = "$(BUILT_PRODUCTS_DIR)/forms.app/forms";
			};
			name = Debug;
		};
		E04DCF4627C15D6200DEAF4B /* Release */ = {
			isa = XCBuildConfiguration;
			buildSettings = {
				ALWAYS_EMBED_SWIFT_STANDARD_LIBRARIES = YES;
				BUNDLE_LOADER = "$(TEST_HOST)";
				CODE_SIGN_STYLE = Automatic;
				CURRENT_PROJECT_VERSION = 1;
				DEVELOPMENT_TEAM = 6F5UGXSNC4;
				GENERATE_INFOPLIST_FILE = YES;
				IPHONEOS_DEPLOYMENT_TARGET = 15.2;
				MARKETING_VERSION = 1.0;
				PRODUCT_BUNDLE_IDENTIFIER = techsith.formsTests;
				PRODUCT_NAME = "$(TARGET_NAME)";
				SWIFT_EMIT_LOC_STRINGS = NO;
				SWIFT_VERSION = 5.0;
				TARGETED_DEVICE_FAMILY = "1,2";
				TEST_HOST = "$(BUILT_PRODUCTS_DIR)/forms.app/forms";
			};
			name = Release;
		};
		E04DCF4827C15D6200DEAF4B /* Debug */ = {
			isa = XCBuildConfiguration;
			buildSettings = {
				ALWAYS_EMBED_SWIFT_STANDARD_LIBRARIES = YES;
				CODE_SIGN_STYLE = Automatic;
				CURRENT_PROJECT_VERSION = 1;
				DEVELOPMENT_TEAM = 6F5UGXSNC4;
				GENERATE_INFOPLIST_FILE = YES;
				MARKETING_VERSION = 1.0;
				PRODUCT_BUNDLE_IDENTIFIER = techsith.formsUITests;
				PRODUCT_NAME = "$(TARGET_NAME)";
				SWIFT_EMIT_LOC_STRINGS = NO;
				SWIFT_VERSION = 5.0;
				TARGETED_DEVICE_FAMILY = "1,2";
				TEST_TARGET_NAME = forms;
			};
			name = Debug;
		};
		E04DCF4927C15D6200DEAF4B /* Release */ = {
			isa = XCBuildConfiguration;
			buildSettings = {
				ALWAYS_EMBED_SWIFT_STANDARD_LIBRARIES = YES;
				CODE_SIGN_STYLE = Automatic;
				CURRENT_PROJECT_VERSION = 1;
				DEVELOPMENT_TEAM = 6F5UGXSNC4;
				GENERATE_INFOPLIST_FILE = YES;
				MARKETING_VERSION = 1.0;
				PRODUCT_BUNDLE_IDENTIFIER = techsith.formsUITests;
				PRODUCT_NAME = "$(TARGET_NAME)";
				SWIFT_EMIT_LOC_STRINGS = NO;
				SWIFT_VERSION = 5.0;
				TARGETED_DEVICE_FAMILY = "1,2";
				TEST_TARGET_NAME = forms;
			};
			name = Release;
		};
/* End XCBuildConfiguration section */

/* Begin XCConfigurationList section */
		E04DCF1827C15D6000DEAF4B /* Build configuration list for PBXProject "forms" */ = {
			isa = XCConfigurationList;
			buildConfigurations = (
				E04DCF3F27C15D6200DEAF4B /* Debug */,
				E04DCF4027C15D6200DEAF4B /* Release */,
			);
			defaultConfigurationIsVisible = 0;
			defaultConfigurationName = Release;
		};
		E04DCF4127C15D6200DEAF4B /* Build configuration list for PBXNativeTarget "forms" */ = {
			isa = XCConfigurationList;
			buildConfigurations = (
				E04DCF4227C15D6200DEAF4B /* Debug */,
				E04DCF4327C15D6200DEAF4B /* Release */,
			);
			defaultConfigurationIsVisible = 0;
			defaultConfigurationName = Release;
		};
		E04DCF4427C15D6200DEAF4B /* Build configuration list for PBXNativeTarget "formsTests" */ = {
			isa = XCConfigurationList;
			buildConfigurations = (
				E04DCF4527C15D6200DEAF4B /* Debug */,
				E04DCF4627C15D6200DEAF4B /* Release */,
			);
			defaultConfigurationIsVisible = 0;
			defaultConfigurationName = Release;
		};
		E04DCF4727C15D6200DEAF4B /* Build configuration list for PBXNativeTarget "formsUITests" */ = {
			isa = XCConfigurationList;
			buildConfigurations = (
				E04DCF4827C15D6200DEAF4B /* Debug */,
				E04DCF4927C15D6200DEAF4B /* Release */,
			);
			defaultConfigurationIsVisible = 0;
			defaultConfigurationName = Release;
		};
/* End XCConfigurationList section */
	};
	rootObject = E04DCF1527C15D6000DEAF4B /* Project object */;
}
